
Microsoft Visual Studio Solution File, Format Version 12.00
# Visual Studio 15
VisualStudioVersion = 15.0.26730.10
MinimumVisualStudioVersion = 10.0.40219.1
Project("{8BC9CEB8-8B4A-11D0-8D11-00A0C91BC942}") = "Chap 3 - Exercise 4 and 5", "Chap 3 - Exercise 4 and 5\Chap 3 - Exercise 4 and 5.vcxproj", "{86176058-6949-46B9-A3E6-966202B8EE39}"
EndProject
Global
	GlobalSection(SolutionConfigurationPlatforms) = preSolution
		Debug|x64 = Debug|x64
		Debug|x86 = Debug|x86
		Release|x64 = Release|x64
		Release|x86 = Release|x86
	EndGlobalSection
	GlobalSection(ProjectConfigurationPlatforms) = postSolution
		{86176058-6949-46B9-A3E6-966202B8EE39}.Debug|x64.ActiveCfg = Debug|x64
		{86176058-6949-46B9-A3E6-966202B8EE39}.Debug|x64.Build.0 = Debug|x64
		{86176058-6949-46B9-A3E6-966202B8EE39}.Debug|x86.ActiveCfg = Debug|Win32
		{86176058-6949-46B9-A3E6-966202B8EE39}.Debug|x86.Build.0 = Debug|Win32
		{86176058-6949-46B9-A3E6-966202B8EE39}.Release|x64.ActiveCfg = Release|x64
		{86176058-6949-46B9-A3E6-966202B8EE39}.Release|x64.Build.0 = Release|x64
		{86176058-6949-46B9-A3E6-966202B8EE39}.Release|x86.ActiveCfg = Release|Win32
		{86176058-6949-46B9-A3E6-966202B8EE39}.Release|x86.Build.0 = Release|Win32
	EndGlobalSection
	GlobalSection(SolutionProperties) = preSolution
		HideSolutionNode = FALSE
	EndGlobalSection
	GlobalSection(ExtensibilityGlobals) = postSolution
		SolutionGuid = {80D79E1D-1A2A-403C-9FE5-FBB4B4B03242}
	EndGlobalSection
EndGlobal
